// !$*UTF8*$!
{
	archiveVersion = 1;
	classes = {
	};
	objectVersion = 55;
	objects = {

/* Begin PBXBuildFile section */
		D503C85227D4F986001F0D72 /* MapLocationUtility.swift in Sources */ = {isa = PBXBuildFile; fileRef = D503C85127D4F986001F0D72 /* MapLocationUtility.swift */; };
		D503C85527D4FCBB001F0D72 /* ParkingStatus.swift in Sources */ = {isa = PBXBuildFile; fileRef = D503C85427D4FCBB001F0D72 /* ParkingStatus.swift */; };
		D51F641D27D26231008E555F /* ParkilingApp.swift in Sources */ = {isa = PBXBuildFile; fileRef = D51F641C27D26231008E555F /* ParkilingApp.swift */; };
		D51F641F27D26231008E555F /* ContentView.swift in Sources */ = {isa = PBXBuildFile; fileRef = D51F641E27D26231008E555F /* ContentView.swift */; };
		D51F642127D26232008E555F /* Assets.xcassets in Resources */ = {isa = PBXBuildFile; fileRef = D51F642027D26232008E555F /* Assets.xcassets */; };
		D51F642427D26232008E555F /* Preview Assets.xcassets in Resources */ = {isa = PBXBuildFile; fileRef = D51F642327D26232008E555F /* Preview Assets.xcassets */; };
		D51F642627D26232008E555F /* Persistence.swift in Sources */ = {isa = PBXBuildFile; fileRef = D51F642527D26232008E555F /* Persistence.swift */; };
		D51F642927D26232008E555F /* Parkiling.xcdatamodeld in Sources */ = {isa = PBXBuildFile; fileRef = D51F642727D26232008E555F /* Parkiling.xcdatamodeld */; };
		D51F643A27D267AD008E555F /* ParkingView.swift in Sources */ = {isa = PBXBuildFile; fileRef = D51F643927D267AD008E555F /* ParkingView.swift */; };
		D51F643C27D267CD008E555F /* ParkilingButtonStyle.swift in Sources */ = {isa = PBXBuildFile; fileRef = D51F643B27D267CD008E555F /* ParkilingButtonStyle.swift */; };
		D51F643E27D288CF008E555F /* ParkingViewModel.swift in Sources */ = {isa = PBXBuildFile; fileRef = D51F643D27D288CF008E555F /* ParkingViewModel.swift */; };
		D51F644027D30116008E555F /* ViewSizeReader.swift in Sources */ = {isa = PBXBuildFile; fileRef = D51F643F27D30116008E555F /* ViewSizeReader.swift */; };
		D51F644227D3050C008E555F /* Color+Extension.swift in Sources */ = {isa = PBXBuildFile; fileRef = D51F644127D3050C008E555F /* Color+Extension.swift */; };
		D51F644A27D3554C008E555F /* ParkVehicleView.swift in Sources */ = {isa = PBXBuildFile; fileRef = D51F644927D3554C008E555F /* ParkVehicleView.swift */; };
		D524383727D770280061F9F0 /* UDHelper.swift in Sources */ = {isa = PBXBuildFile; fileRef = D524383627D770280061F9F0 /* UDHelper.swift */; };
		D524383A27D772000061F9F0 /* UserDefaults+Extensions.swift in Sources */ = {isa = PBXBuildFile; fileRef = D524383927D772000061F9F0 /* UserDefaults+Extensions.swift */; };
		D558867A27D9F79100717DC2 /* ImagePicker.swift in Sources */ = {isa = PBXBuildFile; fileRef = D558867927D9F79100717DC2 /* ImagePicker.swift */; };
		D558867D27DA007A00717DC2 /* CameraView.swift in Sources */ = {isa = PBXBuildFile; fileRef = D558867C27DA007A00717DC2 /* CameraView.swift */; };
		D558868027DA431D00717DC2 /* TextStackView.swift in Sources */ = {isa = PBXBuildFile; fileRef = D558867F27DA431D00717DC2 /* TextStackView.swift */; };
		D58DD4CC27D3BA3C0034F9EF /* ParkVehicleViewModel.swift in Sources */ = {isa = PBXBuildFile; fileRef = D58DD4CB27D3BA3C0034F9EF /* ParkVehicleViewModel.swift */; };
/* End PBXBuildFile section */

/* Begin PBXFileReference section */
		D503C85127D4F986001F0D72 /* MapLocationUtility.swift */ = {isa = PBXFileReference; lastKnownFileType = sourcecode.swift; path = MapLocationUtility.swift; sourceTree = "<group>"; };
		D503C85427D4FCBB001F0D72 /* ParkingStatus.swift */ = {isa = PBXFileReference; lastKnownFileType = sourcecode.swift; path = ParkingStatus.swift; sourceTree = "<group>"; };
		D51F641927D26231008E555F /* Parkiling.app */ = {isa = PBXFileReference; explicitFileType = wrapper.application; includeInIndex = 0; path = Parkiling.app; sourceTree = BUILT_PRODUCTS_DIR; };
		D51F641C27D26231008E555F /* ParkilingApp.swift */ = {isa = PBXFileReference; lastKnownFileType = sourcecode.swift; path = ParkilingApp.swift; sourceTree = "<group>"; };
		D51F641E27D26231008E555F /* ContentView.swift */ = {isa = PBXFileReference; lastKnownFileType = sourcecode.swift; path = ContentView.swift; sourceTree = "<group>"; };
		D51F642027D26232008E555F /* Assets.xcassets */ = {isa = PBXFileReference; lastKnownFileType = folder.assetcatalog; path = Assets.xcassets; sourceTree = "<group>"; };
		D51F642327D26232008E555F /* Preview Assets.xcassets */ = {isa = PBXFileReference; lastKnownFileType = folder.assetcatalog; path = "Preview Assets.xcassets"; sourceTree = "<group>"; };
		D51F642527D26232008E555F /* Persistence.swift */ = {isa = PBXFileReference; lastKnownFileType = sourcecode.swift; path = Persistence.swift; sourceTree = "<group>"; };
		D51F642827D26232008E555F /* Parkiling.xcdatamodel */ = {isa = PBXFileReference; lastKnownFileType = wrapper.xcdatamodel; path = Parkiling.xcdatamodel; sourceTree = "<group>"; };
		D51F643927D267AD008E555F /* ParkingView.swift */ = {isa = PBXFileReference; lastKnownFileType = sourcecode.swift; path = ParkingView.swift; sourceTree = "<group>"; };
		D51F643B27D267CD008E555F /* ParkilingButtonStyle.swift */ = {isa = PBXFileReference; lastKnownFileType = sourcecode.swift; path = ParkilingButtonStyle.swift; sourceTree = "<group>"; };
		D51F643D27D288CF008E555F /* ParkingViewModel.swift */ = {isa = PBXFileReference; lastKnownFileType = sourcecode.swift; path = ParkingViewModel.swift; sourceTree = "<group>"; };
		D51F643F27D30116008E555F /* ViewSizeReader.swift */ = {isa = PBXFileReference; lastKnownFileType = sourcecode.swift; path = ViewSizeReader.swift; sourceTree = "<group>"; };
		D51F644127D3050C008E555F /* Color+Extension.swift */ = {isa = PBXFileReference; lastKnownFileType = sourcecode.swift; path = "Color+Extension.swift"; sourceTree = "<group>"; };
		D51F644927D3554C008E555F /* ParkVehicleView.swift */ = {isa = PBXFileReference; lastKnownFileType = sourcecode.swift; path = ParkVehicleView.swift; sourceTree = "<group>"; };
		D524383627D770280061F9F0 /* UDHelper.swift */ = {isa = PBXFileReference; lastKnownFileType = sourcecode.swift; path = UDHelper.swift; sourceTree = "<group>"; };
		D524383827D770BA0061F9F0 /* Parkiling.entitlements */ = {isa = PBXFileReference; lastKnownFileType = text.plist.entitlements; path = Parkiling.entitlements; sourceTree = "<group>"; };
		D524383927D772000061F9F0 /* UserDefaults+Extensions.swift */ = {isa = PBXFileReference; lastKnownFileType = sourcecode.swift; path = "UserDefaults+Extensions.swift"; sourceTree = "<group>"; };
		D558867927D9F79100717DC2 /* ImagePicker.swift */ = {isa = PBXFileReference; lastKnownFileType = sourcecode.swift; path = ImagePicker.swift; sourceTree = "<group>"; };
		D558867C27DA007A00717DC2 /* CameraView.swift */ = {isa = PBXFileReference; lastKnownFileType = sourcecode.swift; path = CameraView.swift; sourceTree = "<group>"; };
		D558867F27DA431D00717DC2 /* TextStackView.swift */ = {isa = PBXFileReference; lastKnownFileType = sourcecode.swift; path = TextStackView.swift; sourceTree = "<group>"; };
		D58DD4CB27D3BA3C0034F9EF /* ParkVehicleViewModel.swift */ = {isa = PBXFileReference; lastKnownFileType = sourcecode.swift; path = ParkVehicleViewModel.swift; sourceTree = "<group>"; };
		D5B5A27527DB4F58008B2CC9 /* Info.plist */ = {isa = PBXFileReference; lastKnownFileType = text.plist.xml; path = Info.plist; sourceTree = "<group>"; };
/* End PBXFileReference section */

/* Begin PBXFrameworksBuildPhase section */
		D51F641627D26231008E555F /* Frameworks */ = {
			isa = PBXFrameworksBuildPhase;
			buildActionMask = 2147483647;
			files = (
			);
			runOnlyForDeploymentPostprocessing = 0;
		};
/* End PBXFrameworksBuildPhase section */

/* Begin PBXGroup section */
		D503C85027D48051001F0D72 /* ViewModel */ = {
			isa = PBXGroup;
			children = (
				D58DD4CB27D3BA3C0034F9EF /* ParkVehicleViewModel.swift */,
			);
			path = ViewModel;
			sourceTree = "<group>";
		};
		D503C85327D4FC9B001F0D72 /* View */ = {
			isa = PBXGroup;
			children = (
				D51F644927D3554C008E555F /* ParkVehicleView.swift */,
			);
			path = View;
			sourceTree = "<group>";
		};
		D51F641027D26231008E555F = {
			isa = PBXGroup;
			children = (
				D51F641B27D26231008E555F /* Parkiling */,
				D51F641A27D26231008E555F /* Products */,
			);
			sourceTree = "<group>";
		};
		D51F641A27D26231008E555F /* Products */ = {
			isa = PBXGroup;
			children = (
				D51F641927D26231008E555F /* Parkiling.app */,
			);
			name = Products;
			sourceTree = "<group>";
		};
		D51F641B27D26231008E555F /* Parkiling */ = {
			isa = PBXGroup;
			children = (
				D524383827D770BA0061F9F0 /* Parkiling.entitlements */,
				D51F641C27D26231008E555F /* ParkilingApp.swift */,
				D51F643027D26267008E555F /* Vendor */,
				D51F642F27D2625D008E555F /* Module */,
				D51F642027D26232008E555F /* Assets.xcassets */,
				D51F642227D26232008E555F /* Preview Content */,
				D5B5A27527DB4F58008B2CC9 /* Info.plist */,
			);
			path = Parkiling;
			sourceTree = "<group>";
		};
		D51F642227D26232008E555F /* Preview Content */ = {
			isa = PBXGroup;
			children = (
				D51F642327D26232008E555F /* Preview Assets.xcassets */,
			);
			path = "Preview Content";
			sourceTree = "<group>";
		};
		D51F642F27D2625D008E555F /* Module */ = {
			isa = PBXGroup;
			children = (
				D51F643627D26751008E555F /* 1 - Parking Page */,
				D51F641E27D26231008E555F /* ContentView.swift */,
			);
			path = Module;
			sourceTree = "<group>";
		};
		D51F643027D26267008E555F /* Vendor */ = {
			isa = PBXGroup;
			children = (
				D51F643427D26296008E555F /* Extension */,
				D51F643327D2628E008E555F /* Utility */,
				D51F643227D2628A008E555F /* Style */,
				D51F643127D26285008E555F /* Model */,
			);
			path = Vendor;
			sourceTree = "<group>";
		};
		D51F643127D26285008E555F /* Model */ = {
			isa = PBXGroup;
			children = (
				D524383527D76FE80061F9F0 /* User Defaults */,
				D51F643527D262A1008E555F /* Core Data */,
				D503C85427D4FCBB001F0D72 /* ParkingStatus.swift */,
			);
			path = Model;
			sourceTree = "<group>";
		};
		D51F643227D2628A008E555F /* Style */ = {
			isa = PBXGroup;
			children = (
				D51F643B27D267CD008E555F /* ParkilingButtonStyle.swift */,
			);
			path = Style;
			sourceTree = "<group>";
		};
		D51F643327D2628E008E555F /* Utility */ = {
			isa = PBXGroup;
			children = (
				D51F643F27D30116008E555F /* ViewSizeReader.swift */,
				D503C85127D4F986001F0D72 /* MapLocationUtility.swift */,
				D558867927D9F79100717DC2 /* ImagePicker.swift */,
				D558867C27DA007A00717DC2 /* CameraView.swift */,
			);
			path = Utility;
			sourceTree = "<group>";
		};
		D51F643427D26296008E555F /* Extension */ = {
			isa = PBXGroup;
			children = (
				D51F644127D3050C008E555F /* Color+Extension.swift */,
			);
			path = Extension;
			sourceTree = "<group>";
		};
		D51F643527D262A1008E555F /* Core Data */ = {
			isa = PBXGroup;
			children = (
				D51F642527D26232008E555F /* Persistence.swift */,
				D51F642727D26232008E555F /* Parkiling.xcdatamodeld */,
			);
			path = "Core Data";
			sourceTree = "<group>";
		};
		D51F643627D26751008E555F /* 1 - Parking Page */ = {
			isa = PBXGroup;
			children = (
				D51F643727D26774008E555F /* 1.1 - Main */,
				D51F643827D26789008E555F /* 1.2 - Park my Vehicle */,
			);
			path = "1 - Parking Page";
			sourceTree = "<group>";
		};
		D51F643727D26774008E555F /* 1.1 - Main */ = {
			isa = PBXGroup;
			children = (
				D51F644527D32C93008E555F /* ViewModel */,
				D51F644427D32C8F008E555F /* View */,
			);
			path = "1.1 - Main";
			sourceTree = "<group>";
		};
		D51F643827D26789008E555F /* 1.2 - Park my Vehicle */ = {
			isa = PBXGroup;
			children = (
				D503C85327D4FC9B001F0D72 /* View */,
				D503C85027D48051001F0D72 /* ViewModel */,
			);
			path = "1.2 - Park my Vehicle";
			sourceTree = "<group>";
		};
		D51F644427D32C8F008E555F /* View */ = {
			isa = PBXGroup;
			children = (
				D558867E27DA42E700717DC2 /* Elements */,
				D51F643927D267AD008E555F /* ParkingView.swift */,
			);
			path = View;
			sourceTree = "<group>";
		};
		D51F644527D32C93008E555F /* ViewModel */ = {
			isa = PBXGroup;
			children = (
				D51F643D27D288CF008E555F /* ParkingViewModel.swift */,
			);
			path = ViewModel;
			sourceTree = "<group>";
		};
		D524383527D76FE80061F9F0 /* User Defaults */ = {
			isa = PBXGroup;
			children = (
				D524383627D770280061F9F0 /* UDHelper.swift */,
				D524383927D772000061F9F0 /* UserDefaults+Extensions.swift */,
			);
			path = "User Defaults";
			sourceTree = "<group>";
		};
		D558867E27DA42E700717DC2 /* Elements */ = {
			isa = PBXGroup;
			children = (
				D558867F27DA431D00717DC2 /* TextStackView.swift */,
			);
			path = Elements;
			sourceTree = "<group>";
		};
/* End PBXGroup section */

/* Begin PBXNativeTarget section */
		D51F641827D26231008E555F /* Parkiling */ = {
			isa = PBXNativeTarget;
			buildConfigurationList = D51F642C27D26232008E555F /* Build configuration list for PBXNativeTarget "Parkiling" */;
			buildPhases = (
				D51F641527D26231008E555F /* Sources */,
				D51F641627D26231008E555F /* Frameworks */,
				D51F641727D26231008E555F /* Resources */,
			);
			buildRules = (
			);
			dependencies = (
			);
			name = Parkiling;
			productName = Parkiling;
			productReference = D51F641927D26231008E555F /* Parkiling.app */;
			productType = "com.apple.product-type.application";
		};
/* End PBXNativeTarget section */

/* Begin PBXProject section */
		D51F641127D26231008E555F /* Project object */ = {
			isa = PBXProject;
			attributes = {
				BuildIndependentTargetsInParallel = 1;
				LastSwiftUpdateCheck = 1320;
				LastUpgradeCheck = 1320;
				TargetAttributes = {
					D51F641827D26231008E555F = {
						CreatedOnToolsVersion = 13.2.1;
					};
				};
			};
			buildConfigurationList = D51F641427D26231008E555F /* Build configuration list for PBXProject "Parkiling" */;
			compatibilityVersion = "Xcode 13.0";
			developmentRegion = en;
			hasScannedForEncodings = 0;
			knownRegions = (
				en,
				Base,
			);
			mainGroup = D51F641027D26231008E555F;
			productRefGroup = D51F641A27D26231008E555F /* Products */;
			projectDirPath = "";
			projectRoot = "";
			targets = (
				D51F641827D26231008E555F /* Parkiling */,
			);
		};
/* End PBXProject section */

/* Begin PBXResourcesBuildPhase section */
		D51F641727D26231008E555F /* Resources */ = {
			isa = PBXResourcesBuildPhase;
			buildActionMask = 2147483647;
			files = (
				D51F642427D26232008E555F /* Preview Assets.xcassets in Resources */,
				D51F642127D26232008E555F /* Assets.xcassets in Resources */,
			);
			runOnlyForDeploymentPostprocessing = 0;
		};
/* End PBXResourcesBuildPhase section */

/* Begin PBXSourcesBuildPhase section */
		D51F641527D26231008E555F /* Sources */ = {
			isa = PBXSourcesBuildPhase;
			buildActionMask = 2147483647;
			files = (
				D558868027DA431D00717DC2 /* TextStackView.swift in Sources */,
				D51F644227D3050C008E555F /* Color+Extension.swift in Sources */,
				D51F644027D30116008E555F /* ViewSizeReader.swift in Sources */,
				D524383727D770280061F9F0 /* UDHelper.swift in Sources */,
				D51F644A27D3554C008E555F /* ParkVehicleView.swift in Sources */,
				D58DD4CC27D3BA3C0034F9EF /* ParkVehicleViewModel.swift in Sources */,
				D503C85227D4F986001F0D72 /* MapLocationUtility.swift in Sources */,
				D51F642627D26232008E555F /* Persistence.swift in Sources */,
				D503C85527D4FCBB001F0D72 /* ParkingStatus.swift in Sources */,
				D51F641F27D26231008E555F /* ContentView.swift in Sources */,
				D51F641D27D26231008E555F /* ParkilingApp.swift in Sources */,
				D51F643C27D267CD008E555F /* ParkilingButtonStyle.swift in Sources */,
				D51F643A27D267AD008E555F /* ParkingView.swift in Sources */,
				D558867D27DA007A00717DC2 /* CameraView.swift in Sources */,
				D51F642927D26232008E555F /* Parkiling.xcdatamodeld in Sources */,
				D558867A27D9F79100717DC2 /* ImagePicker.swift in Sources */,
				D524383A27D772000061F9F0 /* UserDefaults+Extensions.swift in Sources */,
				D51F643E27D288CF008E555F /* ParkingViewModel.swift in Sources */,
			);
			runOnlyForDeploymentPostprocessing = 0;
		};
/* End PBXSourcesBuildPhase section */

/* Begin XCBuildConfiguration section */
		D51F642A27D26232008E555F /* Debug */ = {
			isa = XCBuildConfiguration;
			buildSettings = {
				ALWAYS_SEARCH_USER_PATHS = NO;
				CLANG_ANALYZER_NONNULL = YES;
				CLANG_ANALYZER_NUMBER_OBJECT_CONVERSION = YES_AGGRESSIVE;
				CLANG_CXX_LANGUAGE_STANDARD = "gnu++17";
				CLANG_CXX_LIBRARY = "libc++";
				CLANG_ENABLE_MODULES = YES;
				CLANG_ENABLE_OBJC_ARC = YES;
				CLANG_ENABLE_OBJC_WEAK = YES;
				CLANG_WARN_BLOCK_CAPTURE_AUTORELEASING = YES;
				CLANG_WARN_BOOL_CONVERSION = YES;
				CLANG_WARN_COMMA = YES;
				CLANG_WARN_CONSTANT_CONVERSION = YES;
				CLANG_WARN_DEPRECATED_OBJC_IMPLEMENTATIONS = YES;
				CLANG_WARN_DIRECT_OBJC_ISA_USAGE = YES_ERROR;
				CLANG_WARN_DOCUMENTATION_COMMENTS = YES;
				CLANG_WARN_EMPTY_BODY = YES;
				CLANG_WARN_ENUM_CONVERSION = YES;
				CLANG_WARN_INFINITE_RECURSION = YES;
				CLANG_WARN_INT_CONVERSION = YES;
				CLANG_WARN_NON_LITERAL_NULL_CONVERSION = YES;
				CLANG_WARN_OBJC_IMPLICIT_RETAIN_SELF = YES;
				CLANG_WARN_OBJC_LITERAL_CONVERSION = YES;
				CLANG_WARN_OBJC_ROOT_CLASS = YES_ERROR;
				CLANG_WARN_QUOTED_INCLUDE_IN_FRAMEWORK_HEADER = YES;
				CLANG_WARN_RANGE_LOOP_ANALYSIS = YES;
				CLANG_WARN_STRICT_PROTOTYPES = YES;
				CLANG_WARN_SUSPICIOUS_MOVE = YES;
				CLANG_WARN_UNGUARDED_AVAILABILITY = YES_AGGRESSIVE;
				CLANG_WARN_UNREACHABLE_CODE = YES;
				CLANG_WARN__DUPLICATE_METHOD_MATCH = YES;
				COPY_PHASE_STRIP = NO;
				DEBUG_INFORMATION_FORMAT = dwarf;
				ENABLE_STRICT_OBJC_MSGSEND = YES;
				ENABLE_TESTABILITY = YES;
				GCC_C_LANGUAGE_STANDARD = gnu11;
				GCC_DYNAMIC_NO_PIC = NO;
				GCC_NO_COMMON_BLOCKS = YES;
				GCC_OPTIMIZATION_LEVEL = 0;
				GCC_PREPROCESSOR_DEFINITIONS = (
					"DEBUG=1",
					"$(inherited)",
				);
				GCC_WARN_64_TO_32_BIT_CONVERSION = YES;
				GCC_WARN_ABOUT_RETURN_TYPE = YES_ERROR;
				GCC_WARN_UNDECLARED_SELECTOR = YES;
				GCC_WARN_UNINITIALIZED_AUTOS = YES_AGGRESSIVE;
				GCC_WARN_UNUSED_FUNCTION = YES;
				GCC_WARN_UNUSED_VARIABLE = YES;
				INFOPLIST_FILE = Parkiling/Info.plist;
				IPHONEOS_DEPLOYMENT_TARGET = 15.0;
				MTL_ENABLE_DEBUG_INFO = INCLUDE_SOURCE;
				MTL_FAST_MATH = YES;
				ONLY_ACTIVE_ARCH = YES;
				SDKROOT = iphoneos;
				SWIFT_ACTIVE_COMPILATION_CONDITIONS = DEBUG;
				SWIFT_OPTIMIZATION_LEVEL = "-Onone";
			};
			name = Debug;
		};
		D51F642B27D26232008E555F /* Release */ = {
			isa = XCBuildConfiguration;
			buildSettings = {
				ALWAYS_SEARCH_USER_PATHS = NO;
				CLANG_ANALYZER_NONNULL = YES;
				CLANG_ANALYZER_NUMBER_OBJECT_CONVERSION = YES_AGGRESSIVE;
				CLANG_CXX_LANGUAGE_STANDARD = "gnu++17";
				CLANG_CXX_LIBRARY = "libc++";
				CLANG_ENABLE_MODULES = YES;
				CLANG_ENABLE_OBJC_ARC = YES;
				CLANG_ENABLE_OBJC_WEAK = YES;
				CLANG_WARN_BLOCK_CAPTURE_AUTORELEASING = YES;
				CLANG_WARN_BOOL_CONVERSION = YES;
				CLANG_WARN_COMMA = YES;
				CLANG_WARN_CONSTANT_CONVERSION = YES;
				CLANG_WARN_DEPRECATED_OBJC_IMPLEMENTATIONS = YES;
				CLANG_WARN_DIRECT_OBJC_ISA_USAGE = YES_ERROR;
				CLANG_WARN_DOCUMENTATION_COMMENTS = YES;
				CLANG_WARN_EMPTY_BODY = YES;
				CLANG_WARN_ENUM_CONVERSION = YES;
				CLANG_WARN_INFINITE_RECURSION = YES;
				CLANG_WARN_INT_CONVERSION = YES;
				CLANG_WARN_NON_LITERAL_NULL_CONVERSION = YES;
				CLANG_WARN_OBJC_IMPLICIT_RETAIN_SELF = YES;
				CLANG_WARN_OBJC_LITERAL_CONVERSION = YES;
				CLANG_WARN_OBJC_ROOT_CLASS = YES_ERROR;
				CLANG_WARN_QUOTED_INCLUDE_IN_FRAMEWORK_HEADER = YES;
				CLANG_WARN_RANGE_LOOP_ANALYSIS = YES;
				CLANG_WARN_STRICT_PROTOTYPES = YES;
				CLANG_WARN_SUSPICIOUS_MOVE = YES;
				CLANG_WARN_UNGUARDED_AVAILABILITY = YES_AGGRESSIVE;
				CLANG_WARN_UNREACHABLE_CODE = YES;
				CLANG_WARN__DUPLICATE_METHOD_MATCH = YES;
				COPY_PHASE_STRIP = NO;
				DEBUG_INFORMATION_FORMAT = "dwarf-with-dsym";
				ENABLE_NS_ASSERTIONS = NO;
				ENABLE_STRICT_OBJC_MSGSEND = YES;
				GCC_C_LANGUAGE_STANDARD = gnu11;
				GCC_NO_COMMON_BLOCKS = YES;
				GCC_WARN_64_TO_32_BIT_CONVERSION = YES;
				GCC_WARN_ABOUT_RETURN_TYPE = YES_ERROR;
				GCC_WARN_UNDECLARED_SELECTOR = YES;
				GCC_WARN_UNINITIALIZED_AUTOS = YES_AGGRESSIVE;
				GCC_WARN_UNUSED_FUNCTION = YES;
				GCC_WARN_UNUSED_VARIABLE = YES;
				INFOPLIST_FILE = Parkiling/Info.plist;
				IPHONEOS_DEPLOYMENT_TARGET = 15.0;
				MTL_ENABLE_DEBUG_INFO = NO;
				MTL_FAST_MATH = YES;
				SDKROOT = iphoneos;
				SWIFT_COMPILATION_MODE = wholemodule;
				SWIFT_OPTIMIZATION_LEVEL = "-O";
				VALIDATE_PRODUCT = YES;
			};
			name = Release;
		};
		D51F642D27D26232008E555F /* Debug */ = {
			isa = XCBuildConfiguration;
			buildSettings = {
				ASSETCATALOG_COMPILER_APPICON_NAME = AppIcon;
				ASSETCATALOG_COMPILER_GLOBAL_ACCENT_COLOR_NAME = AccentColor;
				CODE_SIGN_ENTITLEMENTS = Parkiling/Parkiling.entitlements;
				CODE_SIGN_STYLE = Automatic;
				CURRENT_PROJECT_VERSION = 3;
				DEVELOPMENT_ASSET_PATHS = "\"Parkiling/Preview Content\"";
				DEVELOPMENT_TEAM = SCZQ3M4JVY;
				ENABLE_PREVIEWS = YES;
				GENERATE_INFOPLIST_FILE = YES;
				INFOPLIST_KEY_NSCameraUsageDescription = "This app needs access to your camera to take a picture of your current parking lot";
				INFOPLIST_KEY_NSLocationWhenInUseUsageDescription = "This app uses your location to personalize your app experience.";
				INFOPLIST_KEY_NSPhotoLibraryUsageDescription = "This app needs access to your photo library to attach your images";
				INFOPLIST_KEY_UIApplicationSceneManifest_Generation = YES;
				INFOPLIST_KEY_UIApplicationSupportsIndirectInputEvents = YES;
				INFOPLIST_KEY_UILaunchScreen_Generation = YES;
				INFOPLIST_KEY_UISupportedInterfaceOrientations_iPad = "UIInterfaceOrientationPortrait UIInterfaceOrientationPortraitUpsideDown UIInterfaceOrientationLandscapeLeft UIInterfaceOrientationLandscapeRight";
				INFOPLIST_KEY_UISupportedInterfaceOrientations_iPhone = "UIInterfaceOrientationPortrait UIInterfaceOrientationLandscapeLeft UIInterfaceOrientationLandscapeRight";
				LD_RUNPATH_SEARCH_PATHS = (
					"$(inherited)",
					"@executable_path/Frameworks",
				);
				MARKETING_VERSION = 1.0;
				PRODUCT_BUNDLE_IDENTIFIER = com.nkwxn.Parkiling;
				PRODUCT_NAME = "$(TARGET_NAME)";
				SWIFT_EMIT_LOC_STRINGS = YES;
				SWIFT_VERSION = 5.0;
				TARGETED_DEVICE_FAMILY = 1;
			};
			name = Debug;
		};
		D51F642E27D26232008E555F /* Release */ = {
			isa = XCBuildConfiguration;
			buildSettings = {
				ASSETCATALOG_COMPILER_APPICON_NAME = AppIcon;
				ASSETCATALOG_COMPILER_GLOBAL_ACCENT_COLOR_NAME = AccentColor;
				CODE_SIGN_ENTITLEMENTS = Parkiling/Parkiling.entitlements;
				CODE_SIGN_STYLE = Automatic;
				CURRENT_PROJECT_VERSION = 3;
				DEVELOPMENT_ASSET_PATHS = "\"Parkiling/Preview Content\"";
				DEVELOPMENT_TEAM = SCZQ3M4JVY;
				ENABLE_PREVIEWS = YES;
				GENERATE_INFOPLIST_FILE = YES;
				INFOPLIST_KEY_NSCameraUsageDescription = "This app needs access to your camera to take a picture of your current parking lot";
				INFOPLIST_KEY_NSLocationWhenInUseUsageDescription = "This app uses your location to personalize your app experience.";
				INFOPLIST_KEY_NSPhotoLibraryUsageDescription = "This app needs access to your photo library to attach your images";
				INFOPLIST_KEY_UIApplicationSceneManifest_Generation = YES;
				INFOPLIST_KEY_UIApplicationSupportsIndirectInputEvents = YES;
				INFOPLIST_KEY_UILaunchScreen_Generation = YES;
				INFOPLIST_KEY_UISupportedInterfaceOrientations_iPad = "UIInterfaceOrientationPortrait UIInterfaceOrientationPortraitUpsideDown UIInterfaceOrientationLandscapeLeft UIInterfaceOrientationLandscapeRight";
				INFOPLIST_KEY_UISupportedInterfaceOrientations_iPhone = "UIInterfaceOrientationPortrait UIInterfaceOrientationLandscapeLeft UIInterfaceOrientationLandscapeRight";
				LD_RUNPATH_SEARCH_PATHS = (
					"$(inherited)",
					"@executable_path/Frameworks",
				);
				MARKETING_VERSION = 1.0;
				PRODUCT_BUNDLE_IDENTIFIER = com.nkwxn.Parkiling;
				PRODUCT_NAME = "$(TARGET_NAME)";
				SWIFT_EMIT_LOC_STRINGS = YES;
				SWIFT_VERSION = 5.0;
				TARGETED_DEVICE_FAMILY = 1;
			};
			name = Release;
		};
/* End XCBuildConfiguration section */

/* Begin XCConfigurationList section */
		D51F641427D26231008E555F /* Build configuration list for PBXProject "Parkiling" */ = {
			isa = XCConfigurationList;
			buildConfigurations = (
				D51F642A27D26232008E555F /* Debug */,
				D51F642B27D26232008E555F /* Release */,
			);
			defaultConfigurationIsVisible = 0;
			defaultConfigurationName = Release;
		};
		D51F642C27D26232008E555F /* Build configuration list for PBXNativeTarget "Parkiling" */ = {
			isa = XCConfigurationList;
			buildConfigurations = (
				D51F642D27D26232008E555F /* Debug */,
				D51F642E27D26232008E555F /* Release */,
			);
			defaultConfigurationIsVisible = 0;
			defaultConfigurationName = Release;
		};
/* End XCConfigurationList section */

/* Begin XCVersionGroup section */
		D51F642727D26232008E555F /* Parkiling.xcdatamodeld */ = {
			isa = XCVersionGroup;
			children = (
				D51F642827D26232008E555F /* Parkiling.xcdatamodel */,
			);
			currentVersion = D51F642827D26232008E555F /* Parkiling.xcdatamodel */;
			path = Parkiling.xcdatamodeld;
			sourceTree = "<group>";
			versionGroupType = wrapper.xcdatamodel;
		};
/* End XCVersionGroup section */
	};
	rootObject = D51F641127D26231008E555F /* Project object */;
}
